
Microsoft Visual Studio Solution File, Format Version 12.00
# Visual Studio Version 16
VisualStudioVersion = 16.0.30204.135
MinimumVisualStudioVersion = 10.0.40219.1
Project("{FAE04EC0-301F-11D3-BF4B-00C04F79EFBC}") = "The Cosmic Isles", "The Cosmic Isles\The Cosmic Isles.csproj", "{FE91DCF3-2C42-436E-9DB6-216B46BF12BC}"
EndProject
Global
	GlobalSection(SolutionConfigurationPlatforms) = preSolution
		Debug|Any CPU = Debug|Any CPU
		Release|Any CPU = Release|Any CPU
	EndGlobalSection
	GlobalSection(ProjectConfigurationPlatforms) = postSolution
		{FE91DCF3-2C42-436E-9DB6-216B46BF12BC}.Debug|Any CPU.ActiveCfg = Debug|Any CPU
		{FE91DCF3-2C42-436E-9DB6-216B46BF12BC}.Debug|Any CPU.Build.0 = Debug|Any CPU
		{FE91DCF3-2C42-436E-9DB6-216B46BF12BC}.Release|Any CPU.ActiveCfg = Release|Any CPU
		{FE91DCF3-2C42-436E-9DB6-216B46BF12BC}.Release|Any CPU.Build.0 = Release|Any CPU
	EndGlobalSection
	GlobalSection(SolutionProperties) = preSolution
		HideSolutionNode = FALSE
	EndGlobalSection
	GlobalSection(ExtensibilityGlobals) = postSolution
		SolutionGuid = {5E95C126-B287-4883-955F-12984BF6BCF3}
	EndGlobalSection
EndGlobal
